# This file is autogenerated, do not edit; changes may be undone by the next 'dep ensure'.


[[projects]]
  name = "github.com/PuerkitoBio/goquery"
  packages = ["."]
  revision = "e1271ee34c6a305e38566ecd27ae374944907ee9"
  version = "v1.1.0"

[[projects]]
  branch = "master"
  name = "github.com/andybalholm/cascadia"
  packages = ["."]
  revision = "349dd0209470eabd9514242c688c403c0926d266"

[[projects]]
  branch = "master"
  name = "github.com/goodsign/monday"
  packages = ["."]
  revision = "c68f7c62b69d216de03354ac24b8fb16a35205bf"

[[projects]]
  name = "github.com/mattn/go-sqlite3"
  packages = ["."]
  revision = "ed69081a91fd053f17672236b0dd52ba7485e1a3"
  version = "v1.4.0"

[[projects]]
  name = "github.com/sirupsen/logrus"
  packages = ["."]
  revision = "d682213848ed68c0a260ca37d6dd5ace8423f5ba"
  version = "v1.0.4"

[[projects]]
  branch = "master"
  name = "golang.org/x/crypto"
  packages = ["ssh/terminal"]
  revision = "13931e22f9e72ea58bb73048bc752b48c6d4d4ac"

[[projects]]
  branch = "master"
  name = "golang.org/x/net"
  packages = [
    "context",
    "html",
    "html/atom"
  ]
  revision = "42fe2e1c20de1054d3d30f82cc9fb5b41e2e3767"

[[projects]]
  branch = "master"
  name = "golang.org/x/sys"
  packages = [
    "unix",
    "windows"
  ]
  revision = "fff93fa7cd278d84afc205751523809c464168ab"

[[projects]]
  name = "gopkg.in/fatih/set.v0"
  packages = ["."]
  revision = "57907de300222151a123d29255ed17f5ed43fad3"
  version = "v0.1.0"

[solve-meta]
  analyzer-name = "dep"
  analyzer-version = 1
  inputs-digest = "49fe7774ee9da0e3b7b8dc48ae2a1aff16022b7fbbef0879ee6351b3f606bc31"
  solver-name = "gps-cdcl"
  solver-version = 1
