# This file is autogenerated, do not edit; changes may be undone by the next 'dep ensure'.


[[projects]]
  name = "github.com/PuerkitoBio/goquery"
  packages = ["."]
  revision = "e1271ee34c6a305e38566ecd27ae374944907ee9"
  version = "v1.1.0"

[[projects]]
  branch = "master"
  name = "github.com/andybalholm/cascadia"
  packages = ["."]
  revision = "349dd0209470eabd9514242c688c403c0926d266"

[[projects]]
  branch = "master"
  name = "github.com/goodsign/monday"
  packages = ["."]
  revision = "c68f7c62b69d216de03354ac24b8fb16a35205bf"

[[projects]]
  name = "github.com/mattn/go-sqlite3"
  packages = ["."]
  revision = "ed69081a91fd053f17672236b0dd52ba7485e1a3"
  version = "v1.4.0"

[[projects]]
  name = "github.com/op/go-logging"
  packages = ["."]
  revision = "b2cb9fa56473e98db8caba80237377e83fe44db5"
  version = "v1"

[[projects]]
  branch = "master"
  name = "golang.org/x/net"
  packages = ["context","html","html/atom"]
  revision = "42fe2e1c20de1054d3d30f82cc9fb5b41e2e3767"

[[projects]]
  name = "gopkg.in/fatih/set.v0"
  packages = ["."]
  revision = "57907de300222151a123d29255ed17f5ed43fad3"
  version = "v0.1.0"

[solve-meta]
  analyzer-name = "dep"
  analyzer-version = 1
  inputs-digest = "b6a331f73909a348dd1c186026290f89b9ba8f95e166aec0f31625deae0dc1e1"
  solver-name = "gps-cdcl"
  solver-version = 1
